dependencies:
- name: kube-prometheus-stack
  repository: https://prometheus-community.github.io/helm-charts
  version: 52.1.0
- name: metrics-server
  repository: https://charts.bitnami.com/bitnami
  version: 6.5.5
digest: sha256:457a3b19a7787170e03b073bffa467569159cd788f478eb6624c3f44e0195cfb
generated: "2023-10-29T02:29:28.7386193+03:00"
