dependencies:
- name: ingress-nginx
  repository: https://kubernetes.github.io/ingress-nginx
  version: 4.7.1
- name: ingress-nginx
  repository: https://kubernetes.github.io/ingress-nginx
  version: 4.7.1
digest: sha256:e8a23c95e0147c9a83656d71e616a58aaa87a23d2f0866c15d34a46aa738a39d
generated: "2023-07-22T04:00:09.6111303+03:00"
