dependencies:
- name: external-dns
  repository: https://charts.bitnami.com/bitnami
  version: 6.27.0
- name: external-dns
  repository: https://charts.bitnami.com/bitnami
  version: 6.27.0
- name: external-dns
  repository: https://charts.bitnami.com/bitnami
  version: 6.27.0
- name: external-dns
  repository: https://charts.bitnami.com/bitnami
  version: 6.27.0
- name: external-dns
  repository: https://charts.bitnami.com/bitnami
  version: 6.27.0
- name: external-dns
  repository: https://charts.bitnami.com/bitnami
  version: 6.27.0
- name: external-dns
  repository: https://charts.bitnami.com/bitnami
  version: 6.27.0
digest: sha256:2eaaa2fd871d6639713de643922241f7cadb7a4b0de60c5b45a28db9eb7c2904
generated: "2023-10-28T23:22:24.9772834+03:00"
